
Microsoft Visual Studio Solution File, Format Version 12.00
# Visual Studio Version 16
VisualStudioVersion = 16.0.31624.102
MinimumVisualStudioVersion = 10.0.40219.1
Project("{FAE04EC0-301F-11D3-BF4B-00C04F79EFBC}") = "CRUD", "CRUD\CRUD.csproj", "{CD0E1562-FDAD-40C8-B4F7-4765EB35FAB4}"
EndProject
Global
	GlobalSection(SolutionConfigurationPlatforms) = preSolution
		Debug|Any CPU = Debug|Any CPU
		Release|Any CPU = Release|Any CPU
	EndGlobalSection
	GlobalSection(ProjectConfigurationPlatforms) = postSolution
		{CD0E1562-FDAD-40C8-B4F7-4765EB35FAB4}.Debug|Any CPU.ActiveCfg = Debug|Any CPU
		{CD0E1562-FDAD-40C8-B4F7-4765EB35FAB4}.Debug|Any CPU.Build.0 = Debug|Any CPU
		{CD0E1562-FDAD-40C8-B4F7-4765EB35FAB4}.Release|Any CPU.ActiveCfg = Release|Any CPU
		{CD0E1562-FDAD-40C8-B4F7-4765EB35FAB4}.Release|Any CPU.Build.0 = Release|Any CPU
	EndGlobalSection
	GlobalSection(SolutionProperties) = preSolution
		HideSolutionNode = FALSE
	EndGlobalSection
	GlobalSection(ExtensibilityGlobals) = postSolution
		SolutionGuid = {1DBD8651-4D86-45B5-86A5-D198537473BF}
	EndGlobalSection
EndGlobal
